// !$*UTF8*$!
{
	archiveVersion = 1;
	classes = {
	};
	objectVersion = 46;
	objects = {

/* Begin PBXBuildFile section */
		8F1D2B521E2E29A500B3D79D /* HomeController.swift in Sources */ = {isa = PBXBuildFile; fileRef = 8F1D2B511E2E29A500B3D79D /* HomeController.swift */; };
		8F1D2B551E30242B00B3D79D /* Extensions.swift in Sources */ = {isa = PBXBuildFile; fileRef = 8F1D2B541E30242A00B3D79D /* Extensions.swift */; };
		8F1D2B581E3024D100B3D79D /* DeliveryCell.swift in Sources */ = {isa = PBXBuildFile; fileRef = 8F1D2B571E3024D100B3D79D /* DeliveryCell.swift */; };
		8F1D2B5A1E302A7200B3D79D /* MenuBar.swift in Sources */ = {isa = PBXBuildFile; fileRef = 8F1D2B591E302A7200B3D79D /* MenuBar.swift */; };
		8F32A9401E5C281600938BFF /* RequestDetailController.swift in Sources */ = {isa = PBXBuildFile; fileRef = 8F32A93F1E5C281600938BFF /* RequestDetailController.swift */; };
		8F437AB51E32FF3600F1837D /* settingsLauncher.swift in Sources */ = {isa = PBXBuildFile; fileRef = 8F437AB41E32FF3600F1837D /* settingsLauncher.swift */; };
		8F437AB71E3314C800F1837D /* SettingCell.swift in Sources */ = {isa = PBXBuildFile; fileRef = 8F437AB61E3314C800F1837D /* SettingCell.swift */; };
		8F437ABA1E34415700F1837D /* ApiService.swift in Sources */ = {isa = PBXBuildFile; fileRef = 8F437AB91E34415700F1837D /* ApiService.swift */; };
		8F437ABC1E35780400F1837D /* FeedCell.swift in Sources */ = {isa = PBXBuildFile; fileRef = 8F437ABB1E35780400F1837D /* FeedCell.swift */; };
		8F437ABE1E362F8300F1837D /* DeliveringCell.swift in Sources */ = {isa = PBXBuildFile; fileRef = 8F437ABD1E362F8300F1837D /* DeliveringCell.swift */; };
		8F437AC01E36331100F1837D /* DeliveredCell.swift in Sources */ = {isa = PBXBuildFile; fileRef = 8F437ABF1E36331000F1837D /* DeliveredCell.swift */; };
		8F68080C1E2AB0DB00818C68 /* GoogleService-Info.plist in Resources */ = {isa = PBXBuildFile; fileRef = 8F68080B1E2AB0DB00818C68 /* GoogleService-Info.plist */; };
		8F7716171E372F60008F5D04 /* LoginController.swift in Sources */ = {isa = PBXBuildFile; fileRef = 8F7716161E372F60008F5D04 /* LoginController.swift */; };
		8F7716191E3A131E008F5D04 /* NewRequestController.swift in Sources */ = {isa = PBXBuildFile; fileRef = 8F7716181E3A131E008F5D04 /* NewRequestController.swift */; };
		8F77161B1E3D44A1008F5D04 /* NewRequestController+handlers.swift in Sources */ = {isa = PBXBuildFile; fileRef = 8F77161A1E3D44A1008F5D04 /* NewRequestController+handlers.swift */; };
		8F77161F1E3D7191008F5D04 /* Request.swift in Sources */ = {isa = PBXBuildFile; fileRef = 8F77161E1E3D7191008F5D04 /* Request.swift */; };
		8F7716211E3D73FB008F5D04 /* User.swift in Sources */ = {isa = PBXBuildFile; fileRef = 8F7716201E3D73FB008F5D04 /* User.swift */; };
		8FB11AF11E31D16C0099E78D /* Delivery.swift in Sources */ = {isa = PBXBuildFile; fileRef = 8FB11AF01E31D16C0099E78D /* Delivery.swift */; };
		8FC569061E2A9036008EEB61 /* AppDelegate.swift in Sources */ = {isa = PBXBuildFile; fileRef = 8FC569051E2A9036008EEB61 /* AppDelegate.swift */; };
		8FC5690B1E2A9036008EEB61 /* Main.storyboard in Resources */ = {isa = PBXBuildFile; fileRef = 8FC569091E2A9036008EEB61 /* Main.storyboard */; };
		8FC5690D1E2A9036008EEB61 /* Assets.xcassets in Resources */ = {isa = PBXBuildFile; fileRef = 8FC5690C1E2A9036008EEB61 /* Assets.xcassets */; };
		E16B9D22E5A840EE5401832E /* Pods_DeliveryApp.framework in Frameworks */ = {isa = PBXBuildFile; fileRef = 8EA9F627F3796747F9E5D615 /* Pods_DeliveryApp.framework */; };
/* End PBXBuildFile section */

/* Begin PBXFileReference section */
		88ECF48B0E4D95E9505D8CCE /* Pods-DeliveryApp.debug.xcconfig */ = {isa = PBXFileReference; includeInIndex = 1; lastKnownFileType = text.xcconfig; name = "Pods-DeliveryApp.debug.xcconfig"; path = "Pods/Target Support Files/Pods-DeliveryApp/Pods-DeliveryApp.debug.xcconfig"; sourceTree = "<group>"; };
		8EA9F627F3796747F9E5D615 /* Pods_DeliveryApp.framework */ = {isa = PBXFileReference; explicitFileType = wrapper.framework; includeInIndex = 0; path = Pods_DeliveryApp.framework; sourceTree = BUILT_PRODUCTS_DIR; };
		8F1D2B511E2E29A500B3D79D /* HomeController.swift */ = {isa = PBXFileReference; fileEncoding = 4; lastKnownFileType = sourcecode.swift; path = HomeController.swift; sourceTree = "<group>"; };
		8F1D2B541E30242A00B3D79D /* Extensions.swift */ = {isa = PBXFileReference; fileEncoding = 4; lastKnownFileType = sourcecode.swift; path = Extensions.swift; sourceTree = "<group>"; };
		8F1D2B571E3024D100B3D79D /* DeliveryCell.swift */ = {isa = PBXFileReference; fileEncoding = 4; lastKnownFileType = sourcecode.swift; path = DeliveryCell.swift; sourceTree = "<group>"; };
		8F1D2B591E302A7200B3D79D /* MenuBar.swift */ = {isa = PBXFileReference; fileEncoding = 4; lastKnownFileType = sourcecode.swift; path = MenuBar.swift; sourceTree = "<group>"; };
		8F32A93F1E5C281600938BFF /* RequestDetailController.swift */ = {isa = PBXFileReference; fileEncoding = 4; lastKnownFileType = sourcecode.swift; path = RequestDetailController.swift; sourceTree = "<group>"; };
		8F437AB41E32FF3600F1837D /* settingsLauncher.swift */ = {isa = PBXFileReference; fileEncoding = 4; lastKnownFileType = sourcecode.swift; path = settingsLauncher.swift; sourceTree = "<group>"; };
		8F437AB61E3314C800F1837D /* SettingCell.swift */ = {isa = PBXFileReference; fileEncoding = 4; lastKnownFileType = sourcecode.swift; path = SettingCell.swift; sourceTree = "<group>"; };
		8F437AB91E34415700F1837D /* ApiService.swift */ = {isa = PBXFileReference; fileEncoding = 4; lastKnownFileType = sourcecode.swift; path = ApiService.swift; sourceTree = "<group>"; };
		8F437ABB1E35780400F1837D /* FeedCell.swift */ = {isa = PBXFileReference; fileEncoding = 4; lastKnownFileType = sourcecode.swift; path = FeedCell.swift; sourceTree = "<group>"; };
		8F437ABD1E362F8300F1837D /* DeliveringCell.swift */ = {isa = PBXFileReference; fileEncoding = 4; lastKnownFileType = sourcecode.swift; path = DeliveringCell.swift; sourceTree = "<group>"; };
		8F437ABF1E36331000F1837D /* DeliveredCell.swift */ = {isa = PBXFileReference; fileEncoding = 4; lastKnownFileType = sourcecode.swift; path = DeliveredCell.swift; sourceTree = "<group>"; };
		8F68080B1E2AB0DB00818C68 /* GoogleService-Info.plist */ = {isa = PBXFileReference; fileEncoding = 4; lastKnownFileType = text.plist.xml; name = "GoogleService-Info.plist"; path = "../../../Desktop/GoogleService-Info.plist"; sourceTree = "<group>"; };
		8F7716161E372F60008F5D04 /* LoginController.swift */ = {isa = PBXFileReference; fileEncoding = 4; lastKnownFileType = sourcecode.swift; path = LoginController.swift; sourceTree = "<group>"; };
		8F7716181E3A131E008F5D04 /* NewRequestController.swift */ = {isa = PBXFileReference; fileEncoding = 4; lastKnownFileType = sourcecode.swift; path = NewRequestController.swift; sourceTree = "<group>"; };
		8F77161A1E3D44A1008F5D04 /* NewRequestController+handlers.swift */ = {isa = PBXFileReference; fileEncoding = 4; lastKnownFileType = sourcecode.swift; path = "NewRequestController+handlers.swift"; sourceTree = "<group>"; };
		8F77161E1E3D7191008F5D04 /* Request.swift */ = {isa = PBXFileReference; fileEncoding = 4; lastKnownFileType = sourcecode.swift; path = Request.swift; sourceTree = "<group>"; };
		8F7716201E3D73FB008F5D04 /* User.swift */ = {isa = PBXFileReference; fileEncoding = 4; lastKnownFileType = sourcecode.swift; path = User.swift; sourceTree = "<group>"; };
		8FB11AF01E31D16C0099E78D /* Delivery.swift */ = {isa = PBXFileReference; fileEncoding = 4; lastKnownFileType = sourcecode.swift; path = Delivery.swift; sourceTree = "<group>"; };
		8FC569021E2A9036008EEB61 /* DeliveryApp.app */ = {isa = PBXFileReference; explicitFileType = wrapper.application; includeInIndex = 0; path = DeliveryApp.app; sourceTree = BUILT_PRODUCTS_DIR; };
		8FC569051E2A9036008EEB61 /* AppDelegate.swift */ = {isa = PBXFileReference; lastKnownFileType = sourcecode.swift; path = AppDelegate.swift; sourceTree = "<group>"; };
		8FC5690A1E2A9036008EEB61 /* Base */ = {isa = PBXFileReference; lastKnownFileType = file.storyboard; name = Base; path = Base.lproj/Main.storyboard; sourceTree = "<group>"; };
		8FC5690C1E2A9036008EEB61 /* Assets.xcassets */ = {isa = PBXFileReference; lastKnownFileType = folder.assetcatalog; path = Assets.xcassets; sourceTree = "<group>"; };
		8FC569111E2A9036008EEB61 /* Info.plist */ = {isa = PBXFileReference; lastKnownFileType = text.plist.xml; path = Info.plist; sourceTree = "<group>"; };
		CC56326C748C26EF348FA8E5 /* Pods-DeliveryApp.release.xcconfig */ = {isa = PBXFileReference; includeInIndex = 1; lastKnownFileType = text.xcconfig; name = "Pods-DeliveryApp.release.xcconfig"; path = "Pods/Target Support Files/Pods-DeliveryApp/Pods-DeliveryApp.release.xcconfig"; sourceTree = "<group>"; };
/* End PBXFileReference section */

/* Begin PBXFrameworksBuildPhase section */
		8FC568FF1E2A9035008EEB61 /* Frameworks */ = {
			isa = PBXFrameworksBuildPhase;
			buildActionMask = 2147483647;
			files = (
				E16B9D22E5A840EE5401832E /* Pods_DeliveryApp.framework in Frameworks */,
			);
			runOnlyForDeploymentPostprocessing = 0;
		};
/* End PBXFrameworksBuildPhase section */

/* Begin PBXGroup section */
		8F1D2B531E3023F700B3D79D /* Helpers */ = {
			isa = PBXGroup;
			children = (
				8F1D2B541E30242A00B3D79D /* Extensions.swift */,
			);
			name = Helpers;
			sourceTree = "<group>";
		};
		8F1D2B561E3024B400B3D79D /* View */ = {
			isa = PBXGroup;
			children = (
				8F1D2B571E3024D100B3D79D /* DeliveryCell.swift */,
				8F437ABB1E35780400F1837D /* FeedCell.swift */,
				8F437ABD1E362F8300F1837D /* DeliveringCell.swift */,
				8F437ABF1E36331000F1837D /* DeliveredCell.swift */,
				8F437AB61E3314C800F1837D /* SettingCell.swift */,
				8F1D2B591E302A7200B3D79D /* MenuBar.swift */,
			);
			name = View;
			sourceTree = "<group>";
		};
		8F437AB81E34411500F1837D /* ApiService */ = {
			isa = PBXGroup;
			children = (
				8F437AB91E34415700F1837D /* ApiService.swift */,
			);
			name = ApiService;
			sourceTree = "<group>";
		};
		8FB11AED1E31D1230099E78D /* Model */ = {
			isa = PBXGroup;
			children = (
				8FB11AF01E31D16C0099E78D /* Delivery.swift */,
				8F77161E1E3D7191008F5D04 /* Request.swift */,
				8F7716201E3D73FB008F5D04 /* User.swift */,
			);
			name = Model;
			sourceTree = "<group>";
		};
		8FC568F91E2A9035008EEB61 = {
			isa = PBXGroup;
			children = (
				8FC569041E2A9036008EEB61 /* DeliveryApp */,
				8FC569031E2A9036008EEB61 /* Products */,
				F56F61D723E3D5CD9ED97643 /* Pods */,
				BD6DC951D3CB11EF2177D13D /* Frameworks */,
			);
			sourceTree = "<group>";
		};
		8FC569031E2A9036008EEB61 /* Products */ = {
			isa = PBXGroup;
			children = (
				8FC569021E2A9036008EEB61 /* DeliveryApp.app */,
			);
			name = Products;
			sourceTree = "<group>";
		};
		8FC569041E2A9036008EEB61 /* DeliveryApp */ = {
			isa = PBXGroup;
			children = (
				8F437AB81E34411500F1837D /* ApiService */,
				8FB11AED1E31D1230099E78D /* Model */,
				8F1D2B561E3024B400B3D79D /* View */,
				8F1D2B531E3023F700B3D79D /* Helpers */,
				8FF063E21E2A96800091D72A /* Controller */,
				8FC569051E2A9036008EEB61 /* AppDelegate.swift */,
				8FC569091E2A9036008EEB61 /* Main.storyboard */,
				8FC5690C1E2A9036008EEB61 /* Assets.xcassets */,
				8FC569111E2A9036008EEB61 /* Info.plist */,
				8F68080B1E2AB0DB00818C68 /* GoogleService-Info.plist */,
			);
			path = DeliveryApp;
			sourceTree = "<group>";
		};
		8FF063E21E2A96800091D72A /* Controller */ = {
			isa = PBXGroup;
			children = (
				8F1D2B511E2E29A500B3D79D /* HomeController.swift */,
				8F32A93F1E5C281600938BFF /* RequestDetailController.swift */,
				8F7716181E3A131E008F5D04 /* NewRequestController.swift */,
				8F437AB41E32FF3600F1837D /* settingsLauncher.swift */,
				8F7716161E372F60008F5D04 /* LoginController.swift */,
				8F77161A1E3D44A1008F5D04 /* NewRequestController+handlers.swift */,
			);
			name = Controller;
			sourceTree = "<group>";
		};
		BD6DC951D3CB11EF2177D13D /* Frameworks */ = {
			isa = PBXGroup;
			children = (
				8EA9F627F3796747F9E5D615 /* Pods_DeliveryApp.framework */,
			);
			name = Frameworks;
			sourceTree = "<group>";
		};
		F56F61D723E3D5CD9ED97643 /* Pods */ = {
			isa = PBXGroup;
			children = (
				88ECF48B0E4D95E9505D8CCE /* Pods-DeliveryApp.debug.xcconfig */,
				CC56326C748C26EF348FA8E5 /* Pods-DeliveryApp.release.xcconfig */,
			);
			name = Pods;
			sourceTree = "<group>";
		};
/* End PBXGroup section */

/* Begin PBXNativeTarget section */
		8FC569011E2A9035008EEB61 /* DeliveryApp */ = {
			isa = PBXNativeTarget;
			buildConfigurationList = 8FC569141E2A9036008EEB61 /* Build configuration list for PBXNativeTarget "DeliveryApp" */;
			buildPhases = (
				1ED86D47A0B03C811E271597 /* [CP] Check Pods Manifest.lock */,
				8FC568FE1E2A9035008EEB61 /* Sources */,
				8FC568FF1E2A9035008EEB61 /* Frameworks */,
				8FC569001E2A9035008EEB61 /* Resources */,
				AC864AF1A103AAEC7AFA6799 /* [CP] Embed Pods Frameworks */,
				40B3CA400D7F2CCB02DC4284 /* [CP] Copy Pods Resources */,
			);
			buildRules = (
			);
			dependencies = (
			);
			name = DeliveryApp;
			productName = DeliveryApp;
			productReference = 8FC569021E2A9036008EEB61 /* DeliveryApp.app */;
			productType = "com.apple.product-type.application";
		};
/* End PBXNativeTarget section */

/* Begin PBXProject section */
		8FC568FA1E2A9035008EEB61 /* Project object */ = {
			isa = PBXProject;
			attributes = {
				LastSwiftUpdateCheck = 0820;
				LastUpgradeCheck = 0820;
				ORGANIZATIONNAME = "櫻井寛海";
				TargetAttributes = {
					8FC569011E2A9035008EEB61 = {
						CreatedOnToolsVersion = 8.2.1;
						DevelopmentTeam = U588CZ456W;
						ProvisioningStyle = Automatic;
					};
				};
			};
			buildConfigurationList = 8FC568FD1E2A9035008EEB61 /* Build configuration list for PBXProject "DeliveryApp" */;
			compatibilityVersion = "Xcode 3.2";
			developmentRegion = English;
			hasScannedForEncodings = 0;
			knownRegions = (
				en,
				Base,
			);
			mainGroup = 8FC568F91E2A9035008EEB61;
			productRefGroup = 8FC569031E2A9036008EEB61 /* Products */;
			projectDirPath = "";
			projectRoot = "";
			targets = (
				8FC569011E2A9035008EEB61 /* DeliveryApp */,
			);
		};
/* End PBXProject section */

/* Begin PBXResourcesBuildPhase section */
		8FC569001E2A9035008EEB61 /* Resources */ = {
			isa = PBXResourcesBuildPhase;
			buildActionMask = 2147483647;
			files = (
				8FC5690D1E2A9036008EEB61 /* Assets.xcassets in Resources */,
				8FC5690B1E2A9036008EEB61 /* Main.storyboard in Resources */,
				8F68080C1E2AB0DB00818C68 /* GoogleService-Info.plist in Resources */,
			);
			runOnlyForDeploymentPostprocessing = 0;
		};
/* End PBXResourcesBuildPhase section */

/* Begin PBXShellScriptBuildPhase section */
		1ED86D47A0B03C811E271597 /* [CP] Check Pods Manifest.lock */ = {
			isa = PBXShellScriptBuildPhase;
			buildActionMask = 2147483647;
			files = (
			);
			inputPaths = (
			);
			name = "[CP] Check Pods Manifest.lock";
			outputPaths = (
			);
			runOnlyForDeploymentPostprocessing = 0;
			shellPath = /bin/sh;
			shellScript = "diff \"${PODS_ROOT}/../Podfile.lock\" \"${PODS_ROOT}/Manifest.lock\" > /dev/null\nif [ $? != 0 ] ; then\n    # print error to STDERR\n    echo \"error: The sandbox is not in sync with the Podfile.lock. Run 'pod install' or update your CocoaPods installation.\" >&2\n    exit 1\nfi\n";
			showEnvVarsInLog = 0;
		};
		40B3CA400D7F2CCB02DC4284 /* [CP] Copy Pods Resources */ = {
			isa = PBXShellScriptBuildPhase;
			buildActionMask = 2147483647;
			files = (
			);
			inputPaths = (
			);
			name = "[CP] Copy Pods Resources";
			outputPaths = (
			);
			runOnlyForDeploymentPostprocessing = 0;
			shellPath = /bin/sh;
			shellScript = "\"${SRCROOT}/Pods/Target Support Files/Pods-DeliveryApp/Pods-DeliveryApp-resources.sh\"\n";
			showEnvVarsInLog = 0;
		};
		AC864AF1A103AAEC7AFA6799 /* [CP] Embed Pods Frameworks */ = {
			isa = PBXShellScriptBuildPhase;
			buildActionMask = 2147483647;
			files = (
			);
			inputPaths = (
			);
			name = "[CP] Embed Pods Frameworks";
			outputPaths = (
			);
			runOnlyForDeploymentPostprocessing = 0;
			shellPath = /bin/sh;
			shellScript = "\"${SRCROOT}/Pods/Target Support Files/Pods-DeliveryApp/Pods-DeliveryApp-frameworks.sh\"\n";
			showEnvVarsInLog = 0;
		};
/* End PBXShellScriptBuildPhase section */

/* Begin PBXSourcesBuildPhase section */
		8FC568FE1E2A9035008EEB61 /* Sources */ = {
			isa = PBXSourcesBuildPhase;
			buildActionMask = 2147483647;
			files = (
				8F1D2B551E30242B00B3D79D /* Extensions.swift in Sources */,
				8F77161F1E3D7191008F5D04 /* Request.swift in Sources */,
				8F77161B1E3D44A1008F5D04 /* NewRequestController+handlers.swift in Sources */,
				8F437ABC1E35780400F1837D /* FeedCell.swift in Sources */,
				8F437AC01E36331100F1837D /* DeliveredCell.swift in Sources */,
				8F7716171E372F60008F5D04 /* LoginController.swift in Sources */,
				8F7716191E3A131E008F5D04 /* NewRequestController.swift in Sources */,
				8F7716211E3D73FB008F5D04 /* User.swift in Sources */,
				8F32A9401E5C281600938BFF /* RequestDetailController.swift in Sources */,
				8F437ABE1E362F8300F1837D /* DeliveringCell.swift in Sources */,
				8FB11AF11E31D16C0099E78D /* Delivery.swift in Sources */,
				8F437AB71E3314C800F1837D /* SettingCell.swift in Sources */,
				8F437AB51E32FF3600F1837D /* settingsLauncher.swift in Sources */,
				8F1D2B521E2E29A500B3D79D /* HomeController.swift in Sources */,
				8F437ABA1E34415700F1837D /* ApiService.swift in Sources */,
				8F1D2B581E3024D100B3D79D /* DeliveryCell.swift in Sources */,
				8F1D2B5A1E302A7200B3D79D /* MenuBar.swift in Sources */,
				8FC569061E2A9036008EEB61 /* AppDelegate.swift in Sources */,
			);
			runOnlyForDeploymentPostprocessing = 0;
		};
/* End PBXSourcesBuildPhase section */

/* Begin PBXVariantGroup section */
		8FC569091E2A9036008EEB61 /* Main.storyboard */ = {
			isa = PBXVariantGroup;
			children = (
				8FC5690A1E2A9036008EEB61 /* Base */,
			);
			name = Main.storyboard;
			sourceTree = "<group>";
		};
/* End PBXVariantGroup section */

/* Begin XCBuildConfiguration section */
		8FC569121E2A9036008EEB61 /* Debug */ = {
			isa = XCBuildConfiguration;
			buildSettings = {
				ALWAYS_SEARCH_USER_PATHS = NO;
				CLANG_ANALYZER_NONNULL = YES;
				CLANG_CXX_LANGUAGE_STANDARD = "gnu++0x";
				CLANG_CXX_LIBRARY = "libc++";
				CLANG_ENABLE_MODULES = YES;
				CLANG_ENABLE_OBJC_ARC = YES;
				CLANG_WARN_BOOL_CONVERSION = YES;
				CLANG_WARN_CONSTANT_CONVERSION = YES;
				CLANG_WARN_DIRECT_OBJC_ISA_USAGE = YES_ERROR;
				CLANG_WARN_DOCUMENTATION_COMMENTS = YES;
				CLANG_WARN_EMPTY_BODY = YES;
				CLANG_WARN_ENUM_CONVERSION = YES;
				CLANG_WARN_INFINITE_RECURSION = YES;
				CLANG_WARN_INT_CONVERSION = YES;
				CLANG_WARN_OBJC_ROOT_CLASS = YES_ERROR;
				CLANG_WARN_SUSPICIOUS_MOVE = YES;
				CLANG_WARN_UNREACHABLE_CODE = YES;
				CLANG_WARN__DUPLICATE_METHOD_MATCH = YES;
				"CODE_SIGN_IDENTITY[sdk=iphoneos*]" = "iPhone Developer";
				COPY_PHASE_STRIP = NO;
				DEBUG_INFORMATION_FORMAT = dwarf;
				ENABLE_STRICT_OBJC_MSGSEND = YES;
				ENABLE_TESTABILITY = YES;
				GCC_C_LANGUAGE_STANDARD = gnu99;
				GCC_DYNAMIC_NO_PIC = NO;
				GCC_NO_COMMON_BLOCKS = YES;
				GCC_OPTIMIZATION_LEVEL = 0;
				GCC_PREPROCESSOR_DEFINITIONS = (
					"DEBUG=1",
					"$(inherited)",
				);
				GCC_WARN_64_TO_32_BIT_CONVERSION = YES;
				GCC_WARN_ABOUT_RETURN_TYPE = YES_ERROR;
				GCC_WARN_UNDECLARED_SELECTOR = YES;
				GCC_WARN_UNINITIALIZED_AUTOS = YES_AGGRESSIVE;
				GCC_WARN_UNUSED_FUNCTION = YES;
				GCC_WARN_UNUSED_VARIABLE = YES;
				IPHONEOS_DEPLOYMENT_TARGET = 10.2;
				MTL_ENABLE_DEBUG_INFO = YES;
				ONLY_ACTIVE_ARCH = YES;
				SDKROOT = iphoneos;
				SWIFT_ACTIVE_COMPILATION_CONDITIONS = DEBUG;
				SWIFT_OPTIMIZATION_LEVEL = "-Onone";
				TARGETED_DEVICE_FAMILY = "1,2";
			};
			name = Debug;
		};
		8FC569131E2A9036008EEB61 /* Release */ = {
			isa = XCBuildConfiguration;
			buildSettings = {
				ALWAYS_SEARCH_USER_PATHS = NO;
				CLANG_ANALYZER_NONNULL = YES;
				CLANG_CXX_LANGUAGE_STANDARD = "gnu++0x";
				CLANG_CXX_LIBRARY = "libc++";
				CLANG_ENABLE_MODULES = YES;
				CLANG_ENABLE_OBJC_ARC = YES;
				CLANG_WARN_BOOL_CONVERSION = YES;
				CLANG_WARN_CONSTANT_CONVERSION = YES;
				CLANG_WARN_DIRECT_OBJC_ISA_USAGE = YES_ERROR;
				CLANG_WARN_DOCUMENTATION_COMMENTS = YES;
				CLANG_WARN_EMPTY_BODY = YES;
				CLANG_WARN_ENUM_CONVERSION = YES;
				CLANG_WARN_INFINITE_RECURSION = YES;
				CLANG_WARN_INT_CONVERSION = YES;
				CLANG_WARN_OBJC_ROOT_CLASS = YES_ERROR;
				CLANG_WARN_SUSPICIOUS_MOVE = YES;
				CLANG_WARN_UNREACHABLE_CODE = YES;
				CLANG_WARN__DUPLICATE_METHOD_MATCH = YES;
				"CODE_SIGN_IDENTITY[sdk=iphoneos*]" = "iPhone Developer";
				COPY_PHASE_STRIP = NO;
				DEBUG_INFORMATION_FORMAT = "dwarf-with-dsym";
				ENABLE_NS_ASSERTIONS = NO;
				ENABLE_STRICT_OBJC_MSGSEND = YES;
				GCC_C_LANGUAGE_STANDARD = gnu99;
				GCC_NO_COMMON_BLOCKS = YES;
				GCC_WARN_64_TO_32_BIT_CONVERSION = YES;
				GCC_WARN_ABOUT_RETURN_TYPE = YES_ERROR;
				GCC_WARN_UNDECLARED_SELECTOR = YES;
				GCC_WARN_UNINITIALIZED_AUTOS = YES_AGGRESSIVE;
				GCC_WARN_UNUSED_FUNCTION = YES;
				GCC_WARN_UNUSED_VARIABLE = YES;
				IPHONEOS_DEPLOYMENT_TARGET = 10.2;
				MTL_ENABLE_DEBUG_INFO = NO;
				SDKROOT = iphoneos;
				SWIFT_OPTIMIZATION_LEVEL = "-Owholemodule";
				TARGETED_DEVICE_FAMILY = "1,2";
				VALIDATE_PRODUCT = YES;
			};
			name = Release;
		};
		8FC569151E2A9036008EEB61 /* Debug */ = {
			isa = XCBuildConfiguration;
			baseConfigurationReference = 88ECF48B0E4D95E9505D8CCE /* Pods-DeliveryApp.debug.xcconfig */;
			buildSettings = {
				ALWAYS_EMBED_SWIFT_STANDARD_LIBRARIES = YES;
				ASSETCATALOG_COMPILER_APPICON_NAME = AppIcon;
				DEVELOPMENT_TEAM = U588CZ456W;
				INFOPLIST_FILE = DeliveryApp/Info.plist;
				LD_RUNPATH_SEARCH_PATHS = "$(inherited) @executable_path/Frameworks";
				PRODUCT_BUNDLE_IDENTIFIER = com.hiromi.DeliveryApp;
				PRODUCT_NAME = "$(TARGET_NAME)";
				SWIFT_VERSION = 3.0;
				TARGETED_DEVICE_FAMILY = 1;
			};
			name = Debug;
		};
		8FC569161E2A9036008EEB61 /* Release */ = {
			isa = XCBuildConfiguration;
			baseConfigurationReference = CC56326C748C26EF348FA8E5 /* Pods-DeliveryApp.release.xcconfig */;
			buildSettings = {
				ALWAYS_EMBED_SWIFT_STANDARD_LIBRARIES = YES;
				ASSETCATALOG_COMPILER_APPICON_NAME = AppIcon;
				DEVELOPMENT_TEAM = U588CZ456W;
				INFOPLIST_FILE = DeliveryApp/Info.plist;
				LD_RUNPATH_SEARCH_PATHS = "$(inherited) @executable_path/Frameworks";
				PRODUCT_BUNDLE_IDENTIFIER = com.hiromi.DeliveryApp;
				PRODUCT_NAME = "$(TARGET_NAME)";
				SWIFT_VERSION = 3.0;
				TARGETED_DEVICE_FAMILY = 1;
			};
			name = Release;
		};
/* End XCBuildConfiguration section */

/* Begin XCConfigurationList section */
		8FC568FD1E2A9035008EEB61 /* Build configuration list for PBXProject "DeliveryApp" */ = {
			isa = XCConfigurationList;
			buildConfigurations = (
				8FC569121E2A9036008EEB61 /* Debug */,
				8FC569131E2A9036008EEB61 /* Release */,
			);
			defaultConfigurationIsVisible = 0;
			defaultConfigurationName = Release;
		};
		8FC569141E2A9036008EEB61 /* Build configuration list for PBXNativeTarget "DeliveryApp" */ = {
			isa = XCConfigurationList;
			buildConfigurations = (
				8FC569151E2A9036008EEB61 /* Debug */,
				8FC569161E2A9036008EEB61 /* Release */,
			);
			defaultConfigurationIsVisible = 0;
			defaultConfigurationName = Release;
		};
/* End XCConfigurationList section */
	};
	rootObject = 8FC568FA1E2A9035008EEB61 /* Project object */;
}
